
Microsoft Visual Studio Solution File, Format Version 12.00
# Visual Studio Version 17
VisualStudioVersion = 17.8.34322.80
MinimumVisualStudioVersion = 10.0.40219.1
Project("{9A19103F-16F7-4668-BE54-9A1E7A4F7556}") = "FPTStoreWeb", "FPTStoreWeb\FPTStoreWeb.csproj", "{2C07DF89-795F-447E-AEF4-158C5AF5852A}"
EndProject
Project("{FAE04EC0-301F-11D3-BF4B-00C04F79EFBC}") = "FPTStore.DataAccess", "FPTStore.DataAccess\FPTStore.DataAccess.csproj", "{7AC663FF-AFA2-4EF1-830B-595B50FC9FC5}"
EndProject
Project("{FAE04EC0-301F-11D3-BF4B-00C04F79EFBC}") = "FPTStore.Models", "FPTStore.Models\FPTStore.Models.csproj", "{C991D06D-5FF3-46E8-A75B-1D2701D388F2}"
EndProject
Project("{FAE04EC0-301F-11D3-BF4B-00C04F79EFBC}") = "FPTStore.Utility", "FPTStore.Utility\FPTStore.Utility.csproj", "{55264ADD-B78D-44C5-84DC-B6EC8C0696A1}"
EndProject
Global
	GlobalSection(SolutionConfigurationPlatforms) = preSolution
		Debug|Any CPU = Debug|Any CPU
		Release|Any CPU = Release|Any CPU
	EndGlobalSection
	GlobalSection(ProjectConfigurationPlatforms) = postSolution
		{2C07DF89-795F-447E-AEF4-158C5AF5852A}.Debug|Any CPU.ActiveCfg = Debug|Any CPU
		{2C07DF89-795F-447E-AEF4-158C5AF5852A}.Debug|Any CPU.Build.0 = Debug|Any CPU
		{2C07DF89-795F-447E-AEF4-158C5AF5852A}.Release|Any CPU.ActiveCfg = Release|Any CPU
		{2C07DF89-795F-447E-AEF4-158C5AF5852A}.Release|Any CPU.Build.0 = Release|Any CPU
		{7AC663FF-AFA2-4EF1-830B-595B50FC9FC5}.Debug|Any CPU.ActiveCfg = Debug|Any CPU
		{7AC663FF-AFA2-4EF1-830B-595B50FC9FC5}.Debug|Any CPU.Build.0 = Debug|Any CPU
		{7AC663FF-AFA2-4EF1-830B-595B50FC9FC5}.Release|Any CPU.ActiveCfg = Release|Any CPU
		{7AC663FF-AFA2-4EF1-830B-595B50FC9FC5}.Release|Any CPU.Build.0 = Release|Any CPU
		{C991D06D-5FF3-46E8-A75B-1D2701D388F2}.Debug|Any CPU.ActiveCfg = Debug|Any CPU
		{C991D06D-5FF3-46E8-A75B-1D2701D388F2}.Debug|Any CPU.Build.0 = Debug|Any CPU
		{C991D06D-5FF3-46E8-A75B-1D2701D388F2}.Release|Any CPU.ActiveCfg = Release|Any CPU
		{C991D06D-5FF3-46E8-A75B-1D2701D388F2}.Release|Any CPU.Build.0 = Release|Any CPU
		{55264ADD-B78D-44C5-84DC-B6EC8C0696A1}.Debug|Any CPU.ActiveCfg = Debug|Any CPU
		{55264ADD-B78D-44C5-84DC-B6EC8C0696A1}.Debug|Any CPU.Build.0 = Debug|Any CPU
		{55264ADD-B78D-44C5-84DC-B6EC8C0696A1}.Release|Any CPU.ActiveCfg = Release|Any CPU
		{55264ADD-B78D-44C5-84DC-B6EC8C0696A1}.Release|Any CPU.Build.0 = Release|Any CPU
	EndGlobalSection
	GlobalSection(SolutionProperties) = preSolution
		HideSolutionNode = FALSE
	EndGlobalSection
	GlobalSection(ExtensibilityGlobals) = postSolution
		SolutionGuid = {EB8AA7CE-214A-4872-A62B-309B9E12DAF5}
	EndGlobalSection
EndGlobal
